
Microsoft Visual Studio Solution File, Format Version 12.00
# Visual Studio Version 16
VisualStudioVersion = 16.0.32228.343
MinimumVisualStudioVersion = 10.0.40219.1
Project("{FAE04EC0-301F-11D3-BF4B-00C04F79EFBC}") = "TaLigado", "TaLigado.csproj", "{1E7A757A-1EE0-47F5-B804-CBD8C7952B92}"
EndProject
Global
	GlobalSection(SolutionConfigurationPlatforms) = preSolution
		Debug|Any CPU = Debug|Any CPU
		Release|Any CPU = Release|Any CPU
	EndGlobalSection
	GlobalSection(ProjectConfigurationPlatforms) = postSolution
		{1E7A757A-1EE0-47F5-B804-CBD8C7952B92}.Debug|Any CPU.ActiveCfg = Debug|Any CPU
		{1E7A757A-1EE0-47F5-B804-CBD8C7952B92}.Debug|Any CPU.Build.0 = Debug|Any CPU
		{1E7A757A-1EE0-47F5-B804-CBD8C7952B92}.Release|Any CPU.ActiveCfg = Release|Any CPU
		{1E7A757A-1EE0-47F5-B804-CBD8C7952B92}.Release|Any CPU.Build.0 = Release|Any CPU
	EndGlobalSection
	GlobalSection(SolutionProperties) = preSolution
		HideSolutionNode = FALSE
	EndGlobalSection
	GlobalSection(ExtensibilityGlobals) = postSolution
		SolutionGuid = {A7F65465-F0D8-4E67-B075-B0798CEFD0DC}
	EndGlobalSection
EndGlobal
